PODS:
  - Nimble (5.1.1)
  - Queryable (1.0.2):
    - RealmSwift (~> 2.0)
  - Quick (0.10.0)
  - Realm (2.0.3):
    - Realm/Headers (= 2.0.3)
  - Realm/Headers (2.0.3)
  - RealmSwift (2.0.3):
    - Realm (= 2.0.3)

DEPENDENCIES:
  - Nimble
  - Queryable (from `./`)
  - Quick

EXTERNAL SOURCES:
  Queryable:
    :path: ./

SPEC CHECKSUMS:
  Nimble: 415e3aa3267e7bc2c96b05fa814ddea7bb686a29
  Queryable: 92a180ea40df575f25cd962f55f5b83d31aee5b1
  Quick: 5d290df1c69d5ee2f0729956dcf0fd9a30447eaa
  Realm: 5f008bfe3c8c47142eddfc30b8c1584cde22db24
  RealmSwift: 5afb451f65b682242f272dbb52d5c6f6e343c980

PODFILE CHECKSUM: df0119b1689968079913fbea5269340574eb2558

COCOAPODS: 1.2.0.beta.1
