PODS:
  - Nimble (6.0.1)
  - Quick (1.1.0)
  - Realm (2.4.3):
    - Realm/Headers (= 2.4.3)
  - Realm/Headers (2.4.3)
  - RealmSwift (2.4.3):
    - Realm (= 2.4.3)

DEPENDENCIES:
  - Nimble
  - Quick
  - RealmSwift (~> 2.0)

SPEC CHECKSUMS:
  Nimble: 1527fd1bd2b4cf0636251a36bc8ab37e81da8347
  Quick: dafc587e21eed9f4cab3249b9f9015b0b7a7f71d
  Realm: e08d60b0048ccccd3949c8c28a92c4db5712d7e9
  RealmSwift: 30d49739ccb3385d201242736ca4dda56aec9dfc

PODFILE CHECKSUM: 7e703c56efac62d7f00a7d05f1012bcfd4222aba

COCOAPODS: 1.2.0.beta.3
